// !$*UTF8*$!
{
	archiveVersion = 1;
	classes = {
	};
	objectVersion = 55;
	objects = {

/* Begin PBXBuildFile section */
		8E15377827579D2600C839E6 /* ResultSenderViewController.swift in Sources */ = {isa = PBXBuildFile; fileRef = 8E15377727579D2600C839E6 /* ResultSenderViewController.swift */; };
		8E48F3F22756C1D800ECE9BB /* BaseTabBarController.swift in Sources */ = {isa = PBXBuildFile; fileRef = 8E48F3F12756C1D800ECE9BB /* BaseTabBarController.swift */; };
		8E48F3F42756C38500ECE9BB /* TakePhotoViewController.swift in Sources */ = {isa = PBXBuildFile; fileRef = 8E48F3F32756C38500ECE9BB /* TakePhotoViewController.swift */; };
		8E48F3F62756C4E100ECE9BB /* ViewController.swift in Sources */ = {isa = PBXBuildFile; fileRef = 8E48F3F52756C4E100ECE9BB /* ViewController.swift */; };
		8E48F3F82756CCBA00ECE9BB /* PhotosCollectionViewController.swift in Sources */ = {isa = PBXBuildFile; fileRef = 8E48F3F72756CCBA00ECE9BB /* PhotosCollectionViewController.swift */; };
		8E48F3FA2756CFFB00ECE9BB /* PhotoManager.swift in Sources */ = {isa = PBXBuildFile; fileRef = 8E48F3F92756CFFB00ECE9BB /* PhotoManager.swift */; };
		8E7775E32756B892005F5207 /* AppDelegate.swift in Sources */ = {isa = PBXBuildFile; fileRef = 8E7775E22756B892005F5207 /* AppDelegate.swift */; };
		8E7775E52756B892005F5207 /* SceneDelegate.swift in Sources */ = {isa = PBXBuildFile; fileRef = 8E7775E42756B892005F5207 /* SceneDelegate.swift */; };
		8E7775EA2756B892005F5207 /* Main.storyboard in Resources */ = {isa = PBXBuildFile; fileRef = 8E7775E82756B892005F5207 /* Main.storyboard */; };
		8E7775EC2756B894005F5207 /* Assets.xcassets in Resources */ = {isa = PBXBuildFile; fileRef = 8E7775EB2756B894005F5207 /* Assets.xcassets */; };
		8E7775EF2756B894005F5207 /* LaunchScreen.storyboard in Resources */ = {isa = PBXBuildFile; fileRef = 8E7775ED2756B894005F5207 /* LaunchScreen.storyboard */; };
		8E7775FA2756B895005F5207 /* ServiceDesignTests.swift in Sources */ = {isa = PBXBuildFile; fileRef = 8E7775F92756B895005F5207 /* ServiceDesignTests.swift */; };
		8E7776042756B895005F5207 /* ServiceDesignUITests.swift in Sources */ = {isa = PBXBuildFile; fileRef = 8E7776032756B895005F5207 /* ServiceDesignUITests.swift */; };
		8E7776062756B895005F5207 /* ServiceDesignUITestsLaunchTests.swift in Sources */ = {isa = PBXBuildFile; fileRef = 8E7776052756B895005F5207 /* ServiceDesignUITestsLaunchTests.swift */; };
		8E9D56A22756F1A90034EFEA /* PhotoCell.swift in Sources */ = {isa = PBXBuildFile; fileRef = 8E9D56A12756F1A90034EFEA /* PhotoCell.swift */; };
		8E9D56A6275703090034EFEA /* FilterManager.swift in Sources */ = {isa = PBXBuildFile; fileRef = 8E9D56A5275703090034EFEA /* FilterManager.swift */; };
		8E9D56A8275715790034EFEA /* 1.jpg in Resources */ = {isa = PBXBuildFile; fileRef = 8E9D56A7275715790034EFEA /* 1.jpg */; };
/* End PBXBuildFile section */

/* Begin PBXContainerItemProxy section */
		8E7775F62756B895005F5207 /* PBXContainerItemProxy */ = {
			isa = PBXContainerItemProxy;
			containerPortal = 8E7775D72756B892005F5207 /* Project object */;
			proxyType = 1;
			remoteGlobalIDString = 8E7775DE2756B892005F5207;
			remoteInfo = ServiceDesign;
		};
		8E7776002756B895005F5207 /* PBXContainerItemProxy */ = {
			isa = PBXContainerItemProxy;
			containerPortal = 8E7775D72756B892005F5207 /* Project object */;
			proxyType = 1;
			remoteGlobalIDString = 8E7775DE2756B892005F5207;
			remoteInfo = ServiceDesign;
		};
/* End PBXContainerItemProxy section */

/* Begin PBXFileReference section */
		8E15377727579D2600C839E6 /* ResultSenderViewController.swift */ = {isa = PBXFileReference; lastKnownFileType = sourcecode.swift; path = ResultSenderViewController.swift; sourceTree = "<group>"; };
		8E48F3F12756C1D800ECE9BB /* BaseTabBarController.swift */ = {isa = PBXFileReference; lastKnownFileType = sourcecode.swift; path = BaseTabBarController.swift; sourceTree = "<group>"; };
		8E48F3F32756C38500ECE9BB /* TakePhotoViewController.swift */ = {isa = PBXFileReference; lastKnownFileType = sourcecode.swift; path = TakePhotoViewController.swift; sourceTree = "<group>"; };
		8E48F3F52756C4E100ECE9BB /* ViewController.swift */ = {isa = PBXFileReference; fileEncoding = 4; lastKnownFileType = sourcecode.swift; path = ViewController.swift; sourceTree = "<group>"; };
		8E48F3F72756CCBA00ECE9BB /* PhotosCollectionViewController.swift */ = {isa = PBXFileReference; lastKnownFileType = sourcecode.swift; path = PhotosCollectionViewController.swift; sourceTree = "<group>"; };
		8E48F3F92756CFFB00ECE9BB /* PhotoManager.swift */ = {isa = PBXFileReference; lastKnownFileType = sourcecode.swift; path = PhotoManager.swift; sourceTree = "<group>"; };
		8E7775DF2756B892005F5207 /* ServiceDesign.app */ = {isa = PBXFileReference; explicitFileType = wrapper.application; includeInIndex = 0; path = ServiceDesign.app; sourceTree = BUILT_PRODUCTS_DIR; };
		8E7775E22756B892005F5207 /* AppDelegate.swift */ = {isa = PBXFileReference; lastKnownFileType = sourcecode.swift; path = AppDelegate.swift; sourceTree = "<group>"; };
		8E7775E42756B892005F5207 /* SceneDelegate.swift */ = {isa = PBXFileReference; lastKnownFileType = sourcecode.swift; path = SceneDelegate.swift; sourceTree = "<group>"; };
		8E7775E92756B892005F5207 /* Base */ = {isa = PBXFileReference; lastKnownFileType = file.storyboard; name = Base; path = Base.lproj/Main.storyboard; sourceTree = "<group>"; };
		8E7775EB2756B894005F5207 /* Assets.xcassets */ = {isa = PBXFileReference; lastKnownFileType = folder.assetcatalog; path = Assets.xcassets; sourceTree = "<group>"; };
		8E7775EE2756B894005F5207 /* Base */ = {isa = PBXFileReference; lastKnownFileType = file.storyboard; name = Base; path = Base.lproj/LaunchScreen.storyboard; sourceTree = "<group>"; };
		8E7775F02756B894005F5207 /* Info.plist */ = {isa = PBXFileReference; lastKnownFileType = text.plist.xml; path = Info.plist; sourceTree = "<group>"; };
		8E7775F52756B895005F5207 /* ServiceDesignTests.xctest */ = {isa = PBXFileReference; explicitFileType = wrapper.cfbundle; includeInIndex = 0; path = ServiceDesignTests.xctest; sourceTree = BUILT_PRODUCTS_DIR; };
		8E7775F92756B895005F5207 /* ServiceDesignTests.swift */ = {isa = PBXFileReference; lastKnownFileType = sourcecode.swift; path = ServiceDesignTests.swift; sourceTree = "<group>"; };
		8E7775FF2756B895005F5207 /* ServiceDesignUITests.xctest */ = {isa = PBXFileReference; explicitFileType = wrapper.cfbundle; includeInIndex = 0; path = ServiceDesignUITests.xctest; sourceTree = BUILT_PRODUCTS_DIR; };
		8E7776032756B895005F5207 /* ServiceDesignUITests.swift */ = {isa = PBXFileReference; lastKnownFileType = sourcecode.swift; path = ServiceDesignUITests.swift; sourceTree = "<group>"; };
		8E7776052756B895005F5207 /* ServiceDesignUITestsLaunchTests.swift */ = {isa = PBXFileReference; lastKnownFileType = sourcecode.swift; path = ServiceDesignUITestsLaunchTests.swift; sourceTree = "<group>"; };
		8E9D56A12756F1A90034EFEA /* PhotoCell.swift */ = {isa = PBXFileReference; lastKnownFileType = sourcecode.swift; path = PhotoCell.swift; sourceTree = "<group>"; };
		8E9D56A5275703090034EFEA /* FilterManager.swift */ = {isa = PBXFileReference; lastKnownFileType = sourcecode.swift; path = FilterManager.swift; sourceTree = "<group>"; };
		8E9D56A7275715790034EFEA /* 1.jpg */ = {isa = PBXFileReference; lastKnownFileType = image.jpeg; path = 1.jpg; sourceTree = "<group>"; };
/* End PBXFileReference section */

/* Begin PBXFrameworksBuildPhase section */
		8E7775DC2756B892005F5207 /* Frameworks */ = {
			isa = PBXFrameworksBuildPhase;
			buildActionMask = 2147483647;
			files = (
			);
			runOnlyForDeploymentPostprocessing = 0;
		};
		8E7775F22756B895005F5207 /* Frameworks */ = {
			isa = PBXFrameworksBuildPhase;
			buildActionMask = 2147483647;
			files = (
			);
			runOnlyForDeploymentPostprocessing = 0;
		};
		8E7775FC2756B895005F5207 /* Frameworks */ = {
			isa = PBXFrameworksBuildPhase;
			buildActionMask = 2147483647;
			files = (
			);
			runOnlyForDeploymentPostprocessing = 0;
		};
/* End PBXFrameworksBuildPhase section */

/* Begin PBXGroup section */
		8E48F3F02756C1A900ECE9BB /* Controller */ = {
			isa = PBXGroup;
			children = (
				8E48F3F32756C38500ECE9BB /* TakePhotoViewController.swift */,
				8E48F3F72756CCBA00ECE9BB /* PhotosCollectionViewController.swift */,
				8E48F3F12756C1D800ECE9BB /* BaseTabBarController.swift */,
				8E15377727579D2600C839E6 /* ResultSenderViewController.swift */,
			);
			path = Controller;
			sourceTree = "<group>";
		};
		8E7775D62756B892005F5207 = {
			isa = PBXGroup;
			children = (
				8E7775E12756B892005F5207 /* ServiceDesign */,
				8E7775F82756B895005F5207 /* ServiceDesignTests */,
				8E7776022756B895005F5207 /* ServiceDesignUITests */,
				8E7775E02756B892005F5207 /* Products */,
			);
			sourceTree = "<group>";
		};
		8E7775E02756B892005F5207 /* Products */ = {
			isa = PBXGroup;
			children = (
				8E7775DF2756B892005F5207 /* ServiceDesign.app */,
				8E7775F52756B895005F5207 /* ServiceDesignTests.xctest */,
				8E7775FF2756B895005F5207 /* ServiceDesignUITests.xctest */,
			);
			name = Products;
			sourceTree = "<group>";
		};
		8E7775E12756B892005F5207 /* ServiceDesign */ = {
			isa = PBXGroup;
			children = (
				8E7775E22756B892005F5207 /* AppDelegate.swift */,
				8E7775E42756B892005F5207 /* SceneDelegate.swift */,
				8E48F3F02756C1A900ECE9BB /* Controller */,
				8E9D56A32756F1D80034EFEA /* Model */,
				8E9D56A02756F0EA0034EFEA /* View */,
				8E9D56A4275702CE0034EFEA /* Utility */,
				8E7775E82756B892005F5207 /* Main.storyboard */,
				8E7775EB2756B894005F5207 /* Assets.xcassets */,
				8E48F3F52756C4E100ECE9BB /* ViewController.swift */,
				8E7775ED2756B894005F5207 /* LaunchScreen.storyboard */,
				8E9D56A7275715790034EFEA /* 1.jpg */,
				8E7775F02756B894005F5207 /* Info.plist */,
			);
			path = ServiceDesign;
			sourceTree = "<group>";
		};
		8E7775F82756B895005F5207 /* ServiceDesignTests */ = {
			isa = PBXGroup;
			children = (
				8E7775F92756B895005F5207 /* ServiceDesignTests.swift */,
			);
			path = ServiceDesignTests;
			sourceTree = "<group>";
		};
		8E7776022756B895005F5207 /* ServiceDesignUITests */ = {
			isa = PBXGroup;
			children = (
				8E7776032756B895005F5207 /* ServiceDesignUITests.swift */,
				8E7776052756B895005F5207 /* ServiceDesignUITestsLaunchTests.swift */,
			);
			path = ServiceDesignUITests;
			sourceTree = "<group>";
		};
		8E9D56A02756F0EA0034EFEA /* View */ = {
			isa = PBXGroup;
			children = (
				8E9D56A12756F1A90034EFEA /* PhotoCell.swift */,
			);
			path = View;
			sourceTree = "<group>";
		};
		8E9D56A32756F1D80034EFEA /* Model */ = {
			isa = PBXGroup;
			children = (
			);
			path = Model;
			sourceTree = "<group>";
		};
		8E9D56A4275702CE0034EFEA /* Utility */ = {
			isa = PBXGroup;
			children = (
				8E9D56A5275703090034EFEA /* FilterManager.swift */,
				8E48F3F92756CFFB00ECE9BB /* PhotoManager.swift */,
			);
			path = Utility;
			sourceTree = "<group>";
		};
/* End PBXGroup section */

/* Begin PBXNativeTarget section */
		8E7775DE2756B892005F5207 /* ServiceDesign */ = {
			isa = PBXNativeTarget;
			buildConfigurationList = 8E7776092756B895005F5207 /* Build configuration list for PBXNativeTarget "ServiceDesign" */;
			buildPhases = (
				8E7775DB2756B892005F5207 /* Sources */,
				8E7775DC2756B892005F5207 /* Frameworks */,
				8E7775DD2756B892005F5207 /* Resources */,
			);
			buildRules = (
			);
			dependencies = (
			);
			name = ServiceDesign;
			productName = ServiceDesign;
			productReference = 8E7775DF2756B892005F5207 /* ServiceDesign.app */;
			productType = "com.apple.product-type.application";
		};
		8E7775F42756B895005F5207 /* ServiceDesignTests */ = {
			isa = PBXNativeTarget;
			buildConfigurationList = 8E77760C2756B895005F5207 /* Build configuration list for PBXNativeTarget "ServiceDesignTests" */;
			buildPhases = (
				8E7775F12756B895005F5207 /* Sources */,
				8E7775F22756B895005F5207 /* Frameworks */,
				8E7775F32756B895005F5207 /* Resources */,
			);
			buildRules = (
			);
			dependencies = (
				8E7775F72756B895005F5207 /* PBXTargetDependency */,
			);
			name = ServiceDesignTests;
			productName = ServiceDesignTests;
			productReference = 8E7775F52756B895005F5207 /* ServiceDesignTests.xctest */;
			productType = "com.apple.product-type.bundle.unit-test";
		};
		8E7775FE2756B895005F5207 /* ServiceDesignUITests */ = {
			isa = PBXNativeTarget;
			buildConfigurationList = 8E77760F2756B895005F5207 /* Build configuration list for PBXNativeTarget "ServiceDesignUITests" */;
			buildPhases = (
				8E7775FB2756B895005F5207 /* Sources */,
				8E7775FC2756B895005F5207 /* Frameworks */,
				8E7775FD2756B895005F5207 /* Resources */,
			);
			buildRules = (
			);
			dependencies = (
				8E7776012756B895005F5207 /* PBXTargetDependency */,
			);
			name = ServiceDesignUITests;
			productName = ServiceDesignUITests;
			productReference = 8E7775FF2756B895005F5207 /* ServiceDesignUITests.xctest */;
			productType = "com.apple.product-type.bundle.ui-testing";
		};
/* End PBXNativeTarget section */

/* Begin PBXProject section */
		8E7775D72756B892005F5207 /* Project object */ = {
			isa = PBXProject;
			attributes = {
				BuildIndependentTargetsInParallel = 1;
				LastSwiftUpdateCheck = 1310;
				LastUpgradeCheck = 1310;
				TargetAttributes = {
					8E7775DE2756B892005F5207 = {
						CreatedOnToolsVersion = 13.1;
					};
					8E7775F42756B895005F5207 = {
						CreatedOnToolsVersion = 13.1;
						TestTargetID = 8E7775DE2756B892005F5207;
					};
					8E7775FE2756B895005F5207 = {
						CreatedOnToolsVersion = 13.1;
						TestTargetID = 8E7775DE2756B892005F5207;
					};
				};
			};
			buildConfigurationList = 8E7775DA2756B892005F5207 /* Build configuration list for PBXProject "ServiceDesign" */;
			compatibilityVersion = "Xcode 13.0";
			developmentRegion = en;
			hasScannedForEncodings = 0;
			knownRegions = (
				en,
				Base,
			);
			mainGroup = 8E7775D62756B892005F5207;
			productRefGroup = 8E7775E02756B892005F5207 /* Products */;
			projectDirPath = "";
			projectRoot = "";
			targets = (
				8E7775DE2756B892005F5207 /* ServiceDesign */,
				8E7775F42756B895005F5207 /* ServiceDesignTests */,
				8E7775FE2756B895005F5207 /* ServiceDesignUITests */,
			);
		};
/* End PBXProject section */

/* Begin PBXResourcesBuildPhase section */
		8E7775DD2756B892005F5207 /* Resources */ = {
			isa = PBXResourcesBuildPhase;
			buildActionMask = 2147483647;
			files = (
				8E9D56A8275715790034EFEA /* 1.jpg in Resources */,
				8E7775EF2756B894005F5207 /* LaunchScreen.storyboard in Resources */,
				8E7775EC2756B894005F5207 /* Assets.xcassets in Resources */,
				8E7775EA2756B892005F5207 /* Main.storyboard in Resources */,
			);
			runOnlyForDeploymentPostprocessing = 0;
		};
		8E7775F32756B895005F5207 /* Resources */ = {
			isa = PBXResourcesBuildPhase;
			buildActionMask = 2147483647;
			files = (
			);
			runOnlyForDeploymentPostprocessing = 0;
		};
		8E7775FD2756B895005F5207 /* Resources */ = {
			isa = PBXResourcesBuildPhase;
			buildActionMask = 2147483647;
			files = (
			);
			runOnlyForDeploymentPostprocessing = 0;
		};
/* End PBXResourcesBuildPhase section */

/* Begin PBXSourcesBuildPhase section */
		8E7775DB2756B892005F5207 /* Sources */ = {
			isa = PBXSourcesBuildPhase;
			buildActionMask = 2147483647;
			files = (
				8E48F3F62756C4E100ECE9BB /* ViewController.swift in Sources */,
				8E48F3F22756C1D800ECE9BB /* BaseTabBarController.swift in Sources */,
				8E9D56A6275703090034EFEA /* FilterManager.swift in Sources */,
				8E7775E32756B892005F5207 /* AppDelegate.swift in Sources */,
				8E48F3FA2756CFFB00ECE9BB /* PhotoManager.swift in Sources */,
				8E9D56A22756F1A90034EFEA /* PhotoCell.swift in Sources */,
				8E48F3F82756CCBA00ECE9BB /* PhotosCollectionViewController.swift in Sources */,
				8E7775E52756B892005F5207 /* SceneDelegate.swift in Sources */,
				8E15377827579D2600C839E6 /* ResultSenderViewController.swift in Sources */,
				8E48F3F42756C38500ECE9BB /* TakePhotoViewController.swift in Sources */,
			);
			runOnlyForDeploymentPostprocessing = 0;
		};
		8E7775F12756B895005F5207 /* Sources */ = {
			isa = PBXSourcesBuildPhase;
			buildActionMask = 2147483647;
			files = (
				8E7775FA2756B895005F5207 /* ServiceDesignTests.swift in Sources */,
			);
			runOnlyForDeploymentPostprocessing = 0;
		};
		8E7775FB2756B895005F5207 /* Sources */ = {
			isa = PBXSourcesBuildPhase;
			buildActionMask = 2147483647;
			files = (
				8E7776062756B895005F5207 /* ServiceDesignUITestsLaunchTests.swift in Sources */,
				8E7776042756B895005F5207 /* ServiceDesignUITests.swift in Sources */,
			);
			runOnlyForDeploymentPostprocessing = 0;
		};
/* End PBXSourcesBuildPhase section */

/* Begin PBXTargetDependency section */
		8E7775F72756B895005F5207 /* PBXTargetDependency */ = {
			isa = PBXTargetDependency;
			target = 8E7775DE2756B892005F5207 /* ServiceDesign */;
			targetProxy = 8E7775F62756B895005F5207 /* PBXContainerItemProxy */;
		};
		8E7776012756B895005F5207 /* PBXTargetDependency */ = {
			isa = PBXTargetDependency;
			target = 8E7775DE2756B892005F5207 /* ServiceDesign */;
			targetProxy = 8E7776002756B895005F5207 /* PBXContainerItemProxy */;
		};
/* End PBXTargetDependency section */

/* Begin PBXVariantGroup section */
		8E7775E82756B892005F5207 /* Main.storyboard */ = {
			isa = PBXVariantGroup;
			children = (
				8E7775E92756B892005F5207 /* Base */,
			);
			name = Main.storyboard;
			sourceTree = "<group>";
		};
		8E7775ED2756B894005F5207 /* LaunchScreen.storyboard */ = {
			isa = PBXVariantGroup;
			children = (
				8E7775EE2756B894005F5207 /* Base */,
			);
			name = LaunchScreen.storyboard;
			sourceTree = "<group>";
		};
/* End PBXVariantGroup section */

/* Begin XCBuildConfiguration section */
		8E7776072756B895005F5207 /* Debug */ = {
			isa = XCBuildConfiguration;
			buildSettings = {
				ALWAYS_SEARCH_USER_PATHS = NO;
				CLANG_ANALYZER_NONNULL = YES;
				CLANG_ANALYZER_NUMBER_OBJECT_CONVERSION = YES_AGGRESSIVE;
				CLANG_CXX_LANGUAGE_STANDARD = "gnu++17";
				CLANG_CXX_LIBRARY = "libc++";
				CLANG_ENABLE_MODULES = YES;
				CLANG_ENABLE_OBJC_ARC = YES;
				CLANG_ENABLE_OBJC_WEAK = YES;
				CLANG_WARN_BLOCK_CAPTURE_AUTORELEASING = YES;
				CLANG_WARN_BOOL_CONVERSION = YES;
				CLANG_WARN_COMMA = YES;
				CLANG_WARN_CONSTANT_CONVERSION = YES;
				CLANG_WARN_DEPRECATED_OBJC_IMPLEMENTATIONS = YES;
				CLANG_WARN_DIRECT_OBJC_ISA_USAGE = YES_ERROR;
				CLANG_WARN_DOCUMENTATION_COMMENTS = YES;
				CLANG_WARN_EMPTY_BODY = YES;
				CLANG_WARN_ENUM_CONVERSION = YES;
				CLANG_WARN_INFINITE_RECURSION = YES;
				CLANG_WARN_INT_CONVERSION = YES;
				CLANG_WARN_NON_LITERAL_NULL_CONVERSION = YES;
				CLANG_WARN_OBJC_IMPLICIT_RETAIN_SELF = YES;
				CLANG_WARN_OBJC_LITERAL_CONVERSION = YES;
				CLANG_WARN_OBJC_ROOT_CLASS = YES_ERROR;
				CLANG_WARN_QUOTED_INCLUDE_IN_FRAMEWORK_HEADER = YES;
				CLANG_WARN_RANGE_LOOP_ANALYSIS = YES;
				CLANG_WARN_STRICT_PROTOTYPES = YES;
				CLANG_WARN_SUSPICIOUS_MOVE = YES;
				CLANG_WARN_UNGUARDED_AVAILABILITY = YES_AGGRESSIVE;
				CLANG_WARN_UNREACHABLE_CODE = YES;
				CLANG_WARN__DUPLICATE_METHOD_MATCH = YES;
				COPY_PHASE_STRIP = NO;
				DEBUG_INFORMATION_FORMAT = dwarf;
				ENABLE_STRICT_OBJC_MSGSEND = YES;
				ENABLE_TESTABILITY = YES;
				GCC_C_LANGUAGE_STANDARD = gnu11;
				GCC_DYNAMIC_NO_PIC = NO;
				GCC_NO_COMMON_BLOCKS = YES;
				GCC_OPTIMIZATION_LEVEL = 0;
				GCC_PREPROCESSOR_DEFINITIONS = (
					"DEBUG=1",
					"$(inherited)",
				);
				GCC_WARN_64_TO_32_BIT_CONVERSION = YES;
				GCC_WARN_ABOUT_RETURN_TYPE = YES_ERROR;
				GCC_WARN_UNDECLARED_SELECTOR = YES;
				GCC_WARN_UNINITIALIZED_AUTOS = YES_AGGRESSIVE;
				GCC_WARN_UNUSED_FUNCTION = YES;
				GCC_WARN_UNUSED_VARIABLE = YES;
				IPHONEOS_DEPLOYMENT_TARGET = 15.0;
				MTL_ENABLE_DEBUG_INFO = INCLUDE_SOURCE;
				MTL_FAST_MATH = YES;
				ONLY_ACTIVE_ARCH = YES;
				SDKROOT = iphoneos;
				SWIFT_ACTIVE_COMPILATION_CONDITIONS = DEBUG;
				SWIFT_OPTIMIZATION_LEVEL = "-Onone";
			};
			name = Debug;
		};
		8E7776082756B895005F5207 /* Release */ = {
			isa = XCBuildConfiguration;
			buildSettings = {
				ALWAYS_SEARCH_USER_PATHS = NO;
				CLANG_ANALYZER_NONNULL = YES;
				CLANG_ANALYZER_NUMBER_OBJECT_CONVERSION = YES_AGGRESSIVE;
				CLANG_CXX_LANGUAGE_STANDARD = "gnu++17";
				CLANG_CXX_LIBRARY = "libc++";
				CLANG_ENABLE_MODULES = YES;
				CLANG_ENABLE_OBJC_ARC = YES;
				CLANG_ENABLE_OBJC_WEAK = YES;
				CLANG_WARN_BLOCK_CAPTURE_AUTORELEASING = YES;
				CLANG_WARN_BOOL_CONVERSION = YES;
				CLANG_WARN_COMMA = YES;
				CLANG_WARN_CONSTANT_CONVERSION = YES;
				CLANG_WARN_DEPRECATED_OBJC_IMPLEMENTATIONS = YES;
				CLANG_WARN_DIRECT_OBJC_ISA_USAGE = YES_ERROR;
				CLANG_WARN_DOCUMENTATION_COMMENTS = YES;
				CLANG_WARN_EMPTY_BODY = YES;
				CLANG_WARN_ENUM_CONVERSION = YES;
				CLANG_WARN_INFINITE_RECURSION = YES;
				CLANG_WARN_INT_CONVERSION = YES;
				CLANG_WARN_NON_LITERAL_NULL_CONVERSION = YES;
				CLANG_WARN_OBJC_IMPLICIT_RETAIN_SELF = YES;
				CLANG_WARN_OBJC_LITERAL_CONVERSION = YES;
				CLANG_WARN_OBJC_ROOT_CLASS = YES_ERROR;
				CLANG_WARN_QUOTED_INCLUDE_IN_FRAMEWORK_HEADER = YES;
				CLANG_WARN_RANGE_LOOP_ANALYSIS = YES;
				CLANG_WARN_STRICT_PROTOTYPES = YES;
				CLANG_WARN_SUSPICIOUS_MOVE = YES;
				CLANG_WARN_UNGUARDED_AVAILABILITY = YES_AGGRESSIVE;
				CLANG_WARN_UNREACHABLE_CODE = YES;
				CLANG_WARN__DUPLICATE_METHOD_MATCH = YES;
				COPY_PHASE_STRIP = NO;
				DEBUG_INFORMATION_FORMAT = "dwarf-with-dsym";
				ENABLE_NS_ASSERTIONS = NO;
				ENABLE_STRICT_OBJC_MSGSEND = YES;
				GCC_C_LANGUAGE_STANDARD = gnu11;
				GCC_NO_COMMON_BLOCKS = YES;
				GCC_WARN_64_TO_32_BIT_CONVERSION = YES;
				GCC_WARN_ABOUT_RETURN_TYPE = YES_ERROR;
				GCC_WARN_UNDECLARED_SELECTOR = YES;
				GCC_WARN_UNINITIALIZED_AUTOS = YES_AGGRESSIVE;
				GCC_WARN_UNUSED_FUNCTION = YES;
				GCC_WARN_UNUSED_VARIABLE = YES;
				IPHONEOS_DEPLOYMENT_TARGET = 15.0;
				MTL_ENABLE_DEBUG_INFO = NO;
				MTL_FAST_MATH = YES;
				SDKROOT = iphoneos;
				SWIFT_COMPILATION_MODE = wholemodule;
				SWIFT_OPTIMIZATION_LEVEL = "-O";
				VALIDATE_PRODUCT = YES;
			};
			name = Release;
		};
		8E77760A2756B895005F5207 /* Debug */ = {
			isa = XCBuildConfiguration;
			buildSettings = {
				ASSETCATALOG_COMPILER_APPICON_NAME = AppIcon;
				ASSETCATALOG_COMPILER_GLOBAL_ACCENT_COLOR_NAME = AccentColor;
				CODE_SIGN_STYLE = Automatic;
				CURRENT_PROJECT_VERSION = 1;
				DEVELOPMENT_TEAM = K2JV594WP2;
				GENERATE_INFOPLIST_FILE = YES;
				INFOPLIST_FILE = ServiceDesign/Info.plist;
				INFOPLIST_KEY_UIApplicationSupportsIndirectInputEvents = YES;
				INFOPLIST_KEY_UILaunchStoryboardName = LaunchScreen;
				INFOPLIST_KEY_UIMainStoryboardFile = Main;
				INFOPLIST_KEY_UISupportedInterfaceOrientations_iPad = "UIInterfaceOrientationPortrait UIInterfaceOrientationPortraitUpsideDown UIInterfaceOrientationLandscapeLeft UIInterfaceOrientationLandscapeRight";
				INFOPLIST_KEY_UISupportedInterfaceOrientations_iPhone = "UIInterfaceOrientationPortrait UIInterfaceOrientationLandscapeLeft UIInterfaceOrientationLandscapeRight";
				INFOPLIST_KEY_UIUserInterfaceStyle = Light;
				LD_RUNPATH_SEARCH_PATHS = (
					"$(inherited)",
					"@executable_path/Frameworks",
				);
				MARKETING_VERSION = 1.0;
				PRODUCT_BUNDLE_IDENTIFIER = "khirullin2012.service-design";
				PRODUCT_NAME = "$(TARGET_NAME)";
				SWIFT_EMIT_LOC_STRINGS = YES;
				SWIFT_VERSION = 5.0;
				TARGETED_DEVICE_FAMILY = "1,2";
			};
			name = Debug;
		};
		8E77760B2756B895005F5207 /* Release */ = {
			isa = XCBuildConfiguration;
			buildSettings = {
				ASSETCATALOG_COMPILER_APPICON_NAME = AppIcon;
				ASSETCATALOG_COMPILER_GLOBAL_ACCENT_COLOR_NAME = AccentColor;
				CODE_SIGN_STYLE = Automatic;
				CURRENT_PROJECT_VERSION = 1;
				DEVELOPMENT_TEAM = K2JV594WP2;
				GENERATE_INFOPLIST_FILE = YES;
				INFOPLIST_FILE = ServiceDesign/Info.plist;
				INFOPLIST_KEY_UIApplicationSupportsIndirectInputEvents = YES;
				INFOPLIST_KEY_UILaunchStoryboardName = LaunchScreen;
				INFOPLIST_KEY_UIMainStoryboardFile = Main;
				INFOPLIST_KEY_UISupportedInterfaceOrientations_iPad = "UIInterfaceOrientationPortrait UIInterfaceOrientationPortraitUpsideDown UIInterfaceOrientationLandscapeLeft UIInterfaceOrientationLandscapeRight";
				INFOPLIST_KEY_UISupportedInterfaceOrientations_iPhone = "UIInterfaceOrientationPortrait UIInterfaceOrientationLandscapeLeft UIInterfaceOrientationLandscapeRight";
				INFOPLIST_KEY_UIUserInterfaceStyle = Light;
				LD_RUNPATH_SEARCH_PATHS = (
					"$(inherited)",
					"@executable_path/Frameworks",
				);
				MARKETING_VERSION = 1.0;
				PRODUCT_BUNDLE_IDENTIFIER = "khirullin2012.service-design";
				PRODUCT_NAME = "$(TARGET_NAME)";
				SWIFT_EMIT_LOC_STRINGS = YES;
				SWIFT_VERSION = 5.0;
				TARGETED_DEVICE_FAMILY = "1,2";
			};
			name = Release;
		};
		8E77760D2756B895005F5207 /* Debug */ = {
			isa = XCBuildConfiguration;
			buildSettings = {
				ALWAYS_EMBED_SWIFT_STANDARD_LIBRARIES = YES;
				BUNDLE_LOADER = "$(TEST_HOST)";
				CODE_SIGN_STYLE = Automatic;
				CURRENT_PROJECT_VERSION = 1;
				DEVELOPMENT_TEAM = K2JV594WP2;
				GENERATE_INFOPLIST_FILE = YES;
				IPHONEOS_DEPLOYMENT_TARGET = 15.0;
				LD_RUNPATH_SEARCH_PATHS = (
					"$(inherited)",
					"@executable_path/Frameworks",
					"@loader_path/Frameworks",
				);
				MARKETING_VERSION = 1.0;
				PRODUCT_BUNDLE_IDENTIFIER = com.icloud.khirullin2012.ServiceDesignTests;
				PRODUCT_NAME = "$(TARGET_NAME)";
				SWIFT_EMIT_LOC_STRINGS = NO;
				SWIFT_VERSION = 5.0;
				TARGETED_DEVICE_FAMILY = "1,2";
				TEST_HOST = "$(BUILT_PRODUCTS_DIR)/ServiceDesign.app/ServiceDesign";
			};
			name = Debug;
		};
		8E77760E2756B895005F5207 /* Release */ = {
			isa = XCBuildConfiguration;
			buildSettings = {
				ALWAYS_EMBED_SWIFT_STANDARD_LIBRARIES = YES;
				BUNDLE_LOADER = "$(TEST_HOST)";
				CODE_SIGN_STYLE = Automatic;
				CURRENT_PROJECT_VERSION = 1;
				DEVELOPMENT_TEAM = K2JV594WP2;
				GENERATE_INFOPLIST_FILE = YES;
				IPHONEOS_DEPLOYMENT_TARGET = 15.0;
				LD_RUNPATH_SEARCH_PATHS = (
					"$(inherited)",
					"@executable_path/Frameworks",
					"@loader_path/Frameworks",
				);
				MARKETING_VERSION = 1.0;
				PRODUCT_BUNDLE_IDENTIFIER = com.icloud.khirullin2012.ServiceDesignTests;
				PRODUCT_NAME = "$(TARGET_NAME)";
				SWIFT_EMIT_LOC_STRINGS = NO;
				SWIFT_VERSION = 5.0;
				TARGETED_DEVICE_FAMILY = "1,2";
				TEST_HOST = "$(BUILT_PRODUCTS_DIR)/ServiceDesign.app/ServiceDesign";
			};
			name = Release;
		};
		8E7776102756B895005F5207 /* Debug */ = {
			isa = XCBuildConfiguration;
			buildSettings = {
				ALWAYS_EMBED_SWIFT_STANDARD_LIBRARIES = YES;
				CODE_SIGN_STYLE = Automatic;
				CURRENT_PROJECT_VERSION = 1;
				DEVELOPMENT_TEAM = K2JV594WP2;
				GENERATE_INFOPLIST_FILE = YES;
				LD_RUNPATH_SEARCH_PATHS = (
					"$(inherited)",
					"@executable_path/Frameworks",
					"@loader_path/Frameworks",
				);
				MARKETING_VERSION = 1.0;
				PRODUCT_BUNDLE_IDENTIFIER = com.icloud.khirullin2012.ServiceDesignUITests;
				PRODUCT_NAME = "$(TARGET_NAME)";
				SWIFT_EMIT_LOC_STRINGS = NO;
				SWIFT_VERSION = 5.0;
				TARGETED_DEVICE_FAMILY = "1,2";
				TEST_TARGET_NAME = ServiceDesign;
			};
			name = Debug;
		};
		8E7776112756B895005F5207 /* Release */ = {
			isa = XCBuildConfiguration;
			buildSettings = {
				ALWAYS_EMBED_SWIFT_STANDARD_LIBRARIES = YES;
				CODE_SIGN_STYLE = Automatic;
				CURRENT_PROJECT_VERSION = 1;
				DEVELOPMENT_TEAM = K2JV594WP2;
				GENERATE_INFOPLIST_FILE = YES;
				LD_RUNPATH_SEARCH_PATHS = (
					"$(inherited)",
					"@executable_path/Frameworks",
					"@loader_path/Frameworks",
				);
				MARKETING_VERSION = 1.0;
				PRODUCT_BUNDLE_IDENTIFIER = com.icloud.khirullin2012.ServiceDesignUITests;
				PRODUCT_NAME = "$(TARGET_NAME)";
				SWIFT_EMIT_LOC_STRINGS = NO;
				SWIFT_VERSION = 5.0;
				TARGETED_DEVICE_FAMILY = "1,2";
				TEST_TARGET_NAME = ServiceDesign;
			};
			name = Release;
		};
/* End XCBuildConfiguration section */

/* Begin XCConfigurationList section */
		8E7775DA2756B892005F5207 /* Build configuration list for PBXProject "ServiceDesign" */ = {
			isa = XCConfigurationList;
			buildConfigurations = (
				8E7776072756B895005F5207 /* Debug */,
				8E7776082756B895005F5207 /* Release */,
			);
			defaultConfigurationIsVisible = 0;
			defaultConfigurationName = Release;
		};
		8E7776092756B895005F5207 /* Build configuration list for PBXNativeTarget "ServiceDesign" */ = {
			isa = XCConfigurationList;
			buildConfigurations = (
				8E77760A2756B895005F5207 /* Debug */,
				8E77760B2756B895005F5207 /* Release */,
			);
			defaultConfigurationIsVisible = 0;
			defaultConfigurationName = Release;
		};
		8E77760C2756B895005F5207 /* Build configuration list for PBXNativeTarget "ServiceDesignTests" */ = {
			isa = XCConfigurationList;
			buildConfigurations = (
				8E77760D2756B895005F5207 /* Debug */,
				8E77760E2756B895005F5207 /* Release */,
			);
			defaultConfigurationIsVisible = 0;
			defaultConfigurationName = Release;
		};
		8E77760F2756B895005F5207 /* Build configuration list for PBXNativeTarget "ServiceDesignUITests" */ = {
			isa = XCConfigurationList;
			buildConfigurations = (
				8E7776102756B895005F5207 /* Debug */,
				8E7776112756B895005F5207 /* Release */,
			);
			defaultConfigurationIsVisible = 0;
			defaultConfigurationName = Release;
		};
/* End XCConfigurationList section */
	};
	rootObject = 8E7775D72756B892005F5207 /* Project object */;
}
